
Microsoft Visual Studio Solution File, Format Version 12.00
# Visual Studio 2013
VisualStudioVersion = 12.0.30501.0
MinimumVisualStudioVersion = 10.0.40219.1
Project("{FAE04EC0-301F-11D3-BF4B-00C04F79EFBC}") = "DAL", "DAL\DAL.csproj", "{192C6750-4AAE-4318-B472-EB69B13AD869}"
EndProject
Project("{FAE04EC0-301F-11D3-BF4B-00C04F79EFBC}") = "MislakaInterface", "MislakaInterface\MislakaInterface.csproj", "{430AF9EF-BA9A-4971-A58A-C7BFB4593346}"
EndProject
Project("{FAE04EC0-301F-11D3-BF4B-00C04F79EFBC}") = "WebSite", "WebSite\WebSite.csproj", "{611D9390-C1BC-4D38-9E1B-EE879EDE6656}"
EndProject
Project("{FAE04EC0-301F-11D3-BF4B-00C04F79EFBC}") = "WebSite.Tests", "WebSite.Tests\WebSite.Tests.csproj", "{F2051F68-EAE4-43CE-964D-1E8DD8D6FF96}"
EndProject
Project("{FAE04EC0-301F-11D3-BF4B-00C04F79EFBC}") = "YieldsScraping", "YieldsScraping\YieldsScraping.csproj", "{7C798881-DDC0-4CB3-A303-924BB973DFB5}"
EndProject
Global
	GlobalSection(SolutionConfigurationPlatforms) = preSolution
		Debug|Any CPU = Debug|Any CPU
		Release|Any CPU = Release|Any CPU
	EndGlobalSection
	GlobalSection(ProjectConfigurationPlatforms) = postSolution
		{192C6750-4AAE-4318-B472-EB69B13AD869}.Debug|Any CPU.ActiveCfg = Debug|Any CPU
		{192C6750-4AAE-4318-B472-EB69B13AD869}.Debug|Any CPU.Build.0 = Debug|Any CPU
		{192C6750-4AAE-4318-B472-EB69B13AD869}.Release|Any CPU.ActiveCfg = Release|Any CPU
		{192C6750-4AAE-4318-B472-EB69B13AD869}.Release|Any CPU.Build.0 = Release|Any CPU
		{430AF9EF-BA9A-4971-A58A-C7BFB4593346}.Debug|Any CPU.ActiveCfg = Debug|Any CPU
		{430AF9EF-BA9A-4971-A58A-C7BFB4593346}.Debug|Any CPU.Build.0 = Debug|Any CPU
		{430AF9EF-BA9A-4971-A58A-C7BFB4593346}.Release|Any CPU.ActiveCfg = Release|Any CPU
		{430AF9EF-BA9A-4971-A58A-C7BFB4593346}.Release|Any CPU.Build.0 = Release|Any CPU
		{611D9390-C1BC-4D38-9E1B-EE879EDE6656}.Debug|Any CPU.ActiveCfg = Debug|Any CPU
		{611D9390-C1BC-4D38-9E1B-EE879EDE6656}.Debug|Any CPU.Build.0 = Debug|Any CPU
		{611D9390-C1BC-4D38-9E1B-EE879EDE6656}.Release|Any CPU.ActiveCfg = Release|Any CPU
		{611D9390-C1BC-4D38-9E1B-EE879EDE6656}.Release|Any CPU.Build.0 = Release|Any CPU
		{F2051F68-EAE4-43CE-964D-1E8DD8D6FF96}.Debug|Any CPU.ActiveCfg = Debug|Any CPU
		{F2051F68-EAE4-43CE-964D-1E8DD8D6FF96}.Debug|Any CPU.Build.0 = Debug|Any CPU
		{F2051F68-EAE4-43CE-964D-1E8DD8D6FF96}.Release|Any CPU.ActiveCfg = Release|Any CPU
		{F2051F68-EAE4-43CE-964D-1E8DD8D6FF96}.Release|Any CPU.Build.0 = Release|Any CPU
		{7C798881-DDC0-4CB3-A303-924BB973DFB5}.Debug|Any CPU.ActiveCfg = Debug|Any CPU
		{7C798881-DDC0-4CB3-A303-924BB973DFB5}.Debug|Any CPU.Build.0 = Debug|Any CPU
		{7C798881-DDC0-4CB3-A303-924BB973DFB5}.Release|Any CPU.ActiveCfg = Release|Any CPU
		{7C798881-DDC0-4CB3-A303-924BB973DFB5}.Release|Any CPU.Build.0 = Release|Any CPU
	EndGlobalSection
	GlobalSection(SolutionProperties) = preSolution
		HideSolutionNode = FALSE
	EndGlobalSection
EndGlobal
